
Microsoft Visual Studio Solution File, Format Version 12.00
# Visual Studio Version 17
VisualStudioVersion = 17.3.32825.248
MinimumVisualStudioVersion = 10.0.40219.1
Project("{00D1A9C2-B5F0-4AF3-8072-F6C62B433612}") = "CentroMedicoDB", "CentroMedicoDB\CentroMedicoDB.sqlproj", "{71CCFEC6-D8AF-4300-B2DD-B006E4CD0549}"
EndProject
Global
	GlobalSection(SolutionConfigurationPlatforms) = preSolution
		Debug|Any CPU = Debug|Any CPU
		Release|Any CPU = Release|Any CPU
	EndGlobalSection
	GlobalSection(ProjectConfigurationPlatforms) = postSolution
		{71CCFEC6-D8AF-4300-B2DD-B006E4CD0549}.Debug|Any CPU.ActiveCfg = Debug|Any CPU
		{71CCFEC6-D8AF-4300-B2DD-B006E4CD0549}.Debug|Any CPU.Build.0 = Debug|Any CPU
		{71CCFEC6-D8AF-4300-B2DD-B006E4CD0549}.Debug|Any CPU.Deploy.0 = Debug|Any CPU
		{71CCFEC6-D8AF-4300-B2DD-B006E4CD0549}.Release|Any CPU.ActiveCfg = Release|Any CPU
		{71CCFEC6-D8AF-4300-B2DD-B006E4CD0549}.Release|Any CPU.Build.0 = Release|Any CPU
		{71CCFEC6-D8AF-4300-B2DD-B006E4CD0549}.Release|Any CPU.Deploy.0 = Release|Any CPU
	EndGlobalSection
	GlobalSection(SolutionProperties) = preSolution
		HideSolutionNode = FALSE
	EndGlobalSection
	GlobalSection(ExtensibilityGlobals) = postSolution
		SolutionGuid = {B2D76832-5F67-468A-9B38-2E0177049093}
	EndGlobalSection
EndGlobal
